
Microsoft Visual Studio Solution File, Format Version 12.00
# Visual Studio Version 16
VisualStudioVersion = 16.0.30523.141
MinimumVisualStudioVersion = 10.0.40219.1
Project("{2150E333-8FDC-42A3-9474-1A3956D46DE8}") = "Docs", "Docs", "{6C6E4811-EC4C-422B-BD2A-0332E31FF0F4}"
EndProject
Project("{2150E333-8FDC-42A3-9474-1A3956D46DE8}") = "Source", "Source", "{EA56E7A7-23CD-4AAD-B363-BAB9858CDDE1}"
EndProject
Project("{2150E333-8FDC-42A3-9474-1A3956D46DE8}") = "Core", "Core", "{074F9676-7EC3-4F32-910F-4D65A5E8891B}"
EndProject
Project("{FAE04EC0-301F-11D3-BF4B-00C04F79EFBC}") = "DomainModel", "DomainModel\DomainModel.csproj", "{41DA3ED1-A478-4802-8B09-3442E2FCED97}"
EndProject
Project("{FAE04EC0-301F-11D3-BF4B-00C04F79EFBC}") = "Application", "Application\Application.csproj", "{BC08F501-C997-4417-AD83-8F7C231C845A}"
EndProject
Project("{2150E333-8FDC-42A3-9474-1A3956D46DE8}") = "Infrastructure", "Infrastructure", "{258A7022-7867-47B6-BF48-551DE37E2BD1}"
EndProject
Project("{FAE04EC0-301F-11D3-BF4B-00C04F79EFBC}") = "Persistence", "Persistence\Persistence.csproj", "{0A348F62-A9E9-4270-B391-1046991AB528}"
EndProject
Project("{2150E333-8FDC-42A3-9474-1A3956D46DE8}") = "Presentation", "Presentation", "{8858CECF-E065-4E06-B634-E7016CB0FFED}"
EndProject
Project("{FAE04EC0-301F-11D3-BF4B-00C04F79EFBC}") = "WebApi", "WebApi\WebApi.csproj", "{2BB1ADEC-1D0C-42B7-BCFA-8C44E63BA35D}"
EndProject
Global
	GlobalSection(SolutionConfigurationPlatforms) = preSolution
		Debug|Any CPU = Debug|Any CPU
		Release|Any CPU = Release|Any CPU
	EndGlobalSection
	GlobalSection(ProjectConfigurationPlatforms) = postSolution
		{41DA3ED1-A478-4802-8B09-3442E2FCED97}.Debug|Any CPU.ActiveCfg = Debug|Any CPU
		{41DA3ED1-A478-4802-8B09-3442E2FCED97}.Debug|Any CPU.Build.0 = Debug|Any CPU
		{41DA3ED1-A478-4802-8B09-3442E2FCED97}.Release|Any CPU.ActiveCfg = Release|Any CPU
		{41DA3ED1-A478-4802-8B09-3442E2FCED97}.Release|Any CPU.Build.0 = Release|Any CPU
		{BC08F501-C997-4417-AD83-8F7C231C845A}.Debug|Any CPU.ActiveCfg = Debug|Any CPU
		{BC08F501-C997-4417-AD83-8F7C231C845A}.Debug|Any CPU.Build.0 = Debug|Any CPU
		{BC08F501-C997-4417-AD83-8F7C231C845A}.Release|Any CPU.ActiveCfg = Release|Any CPU
		{BC08F501-C997-4417-AD83-8F7C231C845A}.Release|Any CPU.Build.0 = Release|Any CPU
		{0A348F62-A9E9-4270-B391-1046991AB528}.Debug|Any CPU.ActiveCfg = Debug|Any CPU
		{0A348F62-A9E9-4270-B391-1046991AB528}.Debug|Any CPU.Build.0 = Debug|Any CPU
		{0A348F62-A9E9-4270-B391-1046991AB528}.Release|Any CPU.ActiveCfg = Release|Any CPU
		{0A348F62-A9E9-4270-B391-1046991AB528}.Release|Any CPU.Build.0 = Release|Any CPU
		{2BB1ADEC-1D0C-42B7-BCFA-8C44E63BA35D}.Debug|Any CPU.ActiveCfg = Debug|Any CPU
		{2BB1ADEC-1D0C-42B7-BCFA-8C44E63BA35D}.Debug|Any CPU.Build.0 = Debug|Any CPU
		{2BB1ADEC-1D0C-42B7-BCFA-8C44E63BA35D}.Release|Any CPU.ActiveCfg = Release|Any CPU
		{2BB1ADEC-1D0C-42B7-BCFA-8C44E63BA35D}.Release|Any CPU.Build.0 = Release|Any CPU
	EndGlobalSection
	GlobalSection(SolutionProperties) = preSolution
		HideSolutionNode = FALSE
	EndGlobalSection
	GlobalSection(NestedProjects) = preSolution
		{074F9676-7EC3-4F32-910F-4D65A5E8891B} = {EA56E7A7-23CD-4AAD-B363-BAB9858CDDE1}
		{41DA3ED1-A478-4802-8B09-3442E2FCED97} = {074F9676-7EC3-4F32-910F-4D65A5E8891B}
		{BC08F501-C997-4417-AD83-8F7C231C845A} = {074F9676-7EC3-4F32-910F-4D65A5E8891B}
		{258A7022-7867-47B6-BF48-551DE37E2BD1} = {EA56E7A7-23CD-4AAD-B363-BAB9858CDDE1}
		{0A348F62-A9E9-4270-B391-1046991AB528} = {258A7022-7867-47B6-BF48-551DE37E2BD1}
		{8858CECF-E065-4E06-B634-E7016CB0FFED} = {EA56E7A7-23CD-4AAD-B363-BAB9858CDDE1}
		{2BB1ADEC-1D0C-42B7-BCFA-8C44E63BA35D} = {8858CECF-E065-4E06-B634-E7016CB0FFED}
	EndGlobalSection
	GlobalSection(ExtensibilityGlobals) = postSolution
		SolutionGuid = {4A71B7C8-7D2D-4EFC-923B-F446511525BC}
	EndGlobalSection
EndGlobal
